// !$*UTF8*$!
{
	archiveVersion = 1;
	classes = {
	};
	objectVersion = 48;
	objects = {

/* Begin PBXBuildFile section */
		0D849CC220765D2100B4EA36 /* main.swift in Sources */ = {isa = PBXBuildFile; fileRef = 0D849CC120765D2100B4EA36 /* main.swift */; };
		0D849CCB20765DBB00B4EA36 /* ChatManager.swift in Sources */ = {isa = PBXBuildFile; fileRef = 0D849CCA20765DBB00B4EA36 /* ChatManager.swift */; };
		0D849CCD20765E5000B4EA36 /* LoginManager.swift in Sources */ = {isa = PBXBuildFile; fileRef = 0D849CCC20765E5000B4EA36 /* LoginManager.swift */; };
		0D849CCF20765E5B00B4EA36 /* FriendManager.swift in Sources */ = {isa = PBXBuildFile; fileRef = 0D849CCE20765E5B00B4EA36 /* FriendManager.swift */; };
		0D849CD120765E6600B4EA36 /* GroupManager.swift in Sources */ = {isa = PBXBuildFile; fileRef = 0D849CD020765E6600B4EA36 /* GroupManager.swift */; };
		0D849CD320765EB700B4EA36 /* Chat_Manager.swift in Sources */ = {isa = PBXBuildFile; fileRef = 0D849CD220765EB700B4EA36 /* Chat_Manager.swift */; };
/* End PBXBuildFile section */

/* Begin PBXCopyFilesBuildPhase section */
		0D849CBC20765D2100B4EA36 /* CopyFiles */ = {
			isa = PBXCopyFilesBuildPhase;
			buildActionMask = 2147483647;
			dstPath = /usr/share/man/man1/;
			dstSubfolderSpec = 0;
			files = (
			);
			runOnlyForDeploymentPostprocessing = 1;
		};
/* End PBXCopyFilesBuildPhase section */

/* Begin PBXFileReference section */
		0D849CBE20765D2100B4EA36 /* 单一职责原则 */ = {isa = PBXFileReference; explicitFileType = "compiled.mach-o.executable"; includeInIndex = 0; path = "单一职责原则"; sourceTree = BUILT_PRODUCTS_DIR; };
		0D849CC120765D2100B4EA36 /* main.swift */ = {isa = PBXFileReference; lastKnownFileType = sourcecode.swift; path = main.swift; sourceTree = "<group>"; };
		0D849CCA20765DBB00B4EA36 /* ChatManager.swift */ = {isa = PBXFileReference; lastKnownFileType = sourcecode.swift; path = ChatManager.swift; sourceTree = "<group>"; };
		0D849CCC20765E5000B4EA36 /* LoginManager.swift */ = {isa = PBXFileReference; lastKnownFileType = sourcecode.swift; path = LoginManager.swift; sourceTree = "<group>"; };
		0D849CCE20765E5B00B4EA36 /* FriendManager.swift */ = {isa = PBXFileReference; lastKnownFileType = sourcecode.swift; path = FriendManager.swift; sourceTree = "<group>"; };
		0D849CD020765E6600B4EA36 /* GroupManager.swift */ = {isa = PBXFileReference; lastKnownFileType = sourcecode.swift; path = GroupManager.swift; sourceTree = "<group>"; };
		0D849CD220765EB700B4EA36 /* Chat_Manager.swift */ = {isa = PBXFileReference; lastKnownFileType = sourcecode.swift; path = Chat_Manager.swift; sourceTree = "<group>"; };
/* End PBXFileReference section */

/* Begin PBXFrameworksBuildPhase section */
		0D849CBB20765D2100B4EA36 /* Frameworks */ = {
			isa = PBXFrameworksBuildPhase;
			buildActionMask = 2147483647;
			files = (
			);
			runOnlyForDeploymentPostprocessing = 0;
		};
/* End PBXFrameworksBuildPhase section */

/* Begin PBXGroup section */
		0D849CB520765D2100B4EA36 = {
			isa = PBXGroup;
			children = (
				0D849CC020765D2100B4EA36 /* 单一职责原则 */,
				0D849CBF20765D2100B4EA36 /* Products */,
			);
			sourceTree = "<group>";
		};
		0D849CBF20765D2100B4EA36 /* Products */ = {
			isa = PBXGroup;
			children = (
				0D849CBE20765D2100B4EA36 /* 单一职责原则 */,
			);
			name = Products;
			sourceTree = "<group>";
		};
		0D849CC020765D2100B4EA36 /* 单一职责原则 */ = {
			isa = PBXGroup;
			children = (
				0D849CC920765D2800B4EA36 /* 修改后 */,
				0D849CC820765D2600B4EA36 /* 修改前 */,
				0D849CC120765D2100B4EA36 /* main.swift */,
			);
			path = "单一职责原则";
			sourceTree = "<group>";
		};
		0D849CC820765D2600B4EA36 /* 修改前 */ = {
			isa = PBXGroup;
			children = (
				0D849CCA20765DBB00B4EA36 /* ChatManager.swift */,
			);
			path = "修改前";
			sourceTree = "<group>";
		};
		0D849CC920765D2800B4EA36 /* 修改后 */ = {
			isa = PBXGroup;
			children = (
				0D849CCC20765E5000B4EA36 /* LoginManager.swift */,
				0D849CCE20765E5B00B4EA36 /* FriendManager.swift */,
				0D849CD020765E6600B4EA36 /* GroupManager.swift */,
				0D849CD220765EB700B4EA36 /* Chat_Manager.swift */,
			);
			path = "修改后";
			sourceTree = "<group>";
		};
/* End PBXGroup section */

/* Begin PBXNativeTarget section */
		0D849CBD20765D2100B4EA36 /* 单一职责原则 */ = {
			isa = PBXNativeTarget;
			buildConfigurationList = 0D849CC520765D2100B4EA36 /* Build configuration list for PBXNativeTarget "单一职责原则" */;
			buildPhases = (
				0D849CBA20765D2100B4EA36 /* Sources */,
				0D849CBB20765D2100B4EA36 /* Frameworks */,
				0D849CBC20765D2100B4EA36 /* CopyFiles */,
			);
			buildRules = (
			);
			dependencies = (
			);
			name = "单一职责原则";
			productName = "单一职责原则";
			productReference = 0D849CBE20765D2100B4EA36 /* 单一职责原则 */;
			productType = "com.apple.product-type.tool";
		};
/* End PBXNativeTarget section */

/* Begin PBXProject section */
		0D849CB620765D2100B4EA36 /* Project object */ = {
			isa = PBXProject;
			attributes = {
				LastSwiftUpdateCheck = 0920;
				LastUpgradeCheck = 0920;
				ORGANIZATIONNAME = FY;
				TargetAttributes = {
					0D849CBD20765D2100B4EA36 = {
						CreatedOnToolsVersion = 9.2;
						ProvisioningStyle = Automatic;
					};
				};
			};
			buildConfigurationList = 0D849CB920765D2100B4EA36 /* Build configuration list for PBXProject "单一职责原则" */;
			compatibilityVersion = "Xcode 8.0";
			developmentRegion = en;
			hasScannedForEncodings = 0;
			knownRegions = (
				en,
			);
			mainGroup = 0D849CB520765D2100B4EA36;
			productRefGroup = 0D849CBF20765D2100B4EA36 /* Products */;
			projectDirPath = "";
			projectRoot = "";
			targets = (
				0D849CBD20765D2100B4EA36 /* 单一职责原则 */,
			);
		};
/* End PBXProject section */

/* Begin PBXSourcesBuildPhase section */
		0D849CBA20765D2100B4EA36 /* Sources */ = {
			isa = PBXSourcesBuildPhase;
			buildActionMask = 2147483647;
			files = (
				0D849CC220765D2100B4EA36 /* main.swift in Sources */,
				0D849CD320765EB700B4EA36 /* Chat_Manager.swift in Sources */,
				0D849CCF20765E5B00B4EA36 /* FriendManager.swift in Sources */,
				0D849CCB20765DBB00B4EA36 /* ChatManager.swift in Sources */,
				0D849CCD20765E5000B4EA36 /* LoginManager.swift in Sources */,
				0D849CD120765E6600B4EA36 /* GroupManager.swift in Sources */,
			);
			runOnlyForDeploymentPostprocessing = 0;
		};
/* End PBXSourcesBuildPhase section */

/* Begin XCBuildConfiguration section */
		0D849CC320765D2100B4EA36 /* Debug */ = {
			isa = XCBuildConfiguration;
			buildSettings = {
				ALWAYS_SEARCH_USER_PATHS = NO;
				CLANG_ANALYZER_NONNULL = YES;
				CLANG_ANALYZER_NUMBER_OBJECT_CONVERSION = YES_AGGRESSIVE;
				CLANG_CXX_LANGUAGE_STANDARD = "gnu++14";
				CLANG_CXX_LIBRARY = "libc++";
				CLANG_ENABLE_MODULES = YES;
				CLANG_ENABLE_OBJC_ARC = YES;
				CLANG_WARN_BLOCK_CAPTURE_AUTORELEASING = YES;
				CLANG_WARN_BOOL_CONVERSION = YES;
				CLANG_WARN_COMMA = YES;
				CLANG_WARN_CONSTANT_CONVERSION = YES;
				CLANG_WARN_DIRECT_OBJC_ISA_USAGE = YES_ERROR;
				CLANG_WARN_DOCUMENTATION_COMMENTS = YES;
				CLANG_WARN_EMPTY_BODY = YES;
				CLANG_WARN_ENUM_CONVERSION = YES;
				CLANG_WARN_INFINITE_RECURSION = YES;
				CLANG_WARN_INT_CONVERSION = YES;
				CLANG_WARN_NON_LITERAL_NULL_CONVERSION = YES;
				CLANG_WARN_OBJC_LITERAL_CONVERSION = YES;
				CLANG_WARN_OBJC_ROOT_CLASS = YES_ERROR;
				CLANG_WARN_RANGE_LOOP_ANALYSIS = YES;
				CLANG_WARN_STRICT_PROTOTYPES = YES;
				CLANG_WARN_SUSPICIOUS_MOVE = YES;
				CLANG_WARN_UNGUARDED_AVAILABILITY = YES_AGGRESSIVE;
				CLANG_WARN_UNREACHABLE_CODE = YES;
				CLANG_WARN__DUPLICATE_METHOD_MATCH = YES;
				CODE_SIGN_IDENTITY = "-";
				COPY_PHASE_STRIP = NO;
				DEBUG_INFORMATION_FORMAT = dwarf;
				ENABLE_STRICT_OBJC_MSGSEND = YES;
				ENABLE_TESTABILITY = YES;
				GCC_C_LANGUAGE_STANDARD = gnu11;
				GCC_DYNAMIC_NO_PIC = NO;
				GCC_NO_COMMON_BLOCKS = YES;
				GCC_OPTIMIZATION_LEVEL = 0;
				GCC_PREPROCESSOR_DEFINITIONS = (
					"DEBUG=1",
					"$(inherited)",
				);
				GCC_WARN_64_TO_32_BIT_CONVERSION = YES;
				GCC_WARN_ABOUT_RETURN_TYPE = YES_ERROR;
				GCC_WARN_UNDECLARED_SELECTOR = YES;
				GCC_WARN_UNINITIALIZED_AUTOS = YES_AGGRESSIVE;
				GCC_WARN_UNUSED_FUNCTION = YES;
				GCC_WARN_UNUSED_VARIABLE = YES;
				MACOSX_DEPLOYMENT_TARGET = 10.12;
				MTL_ENABLE_DEBUG_INFO = YES;
				ONLY_ACTIVE_ARCH = YES;
				SDKROOT = macosx;
				SWIFT_ACTIVE_COMPILATION_CONDITIONS = DEBUG;
				SWIFT_OPTIMIZATION_LEVEL = "-Onone";
			};
			name = Debug;
		};
		0D849CC420765D2100B4EA36 /* Release */ = {
			isa = XCBuildConfiguration;
			buildSettings = {
				ALWAYS_SEARCH_USER_PATHS = NO;
				CLANG_ANALYZER_NONNULL = YES;
				CLANG_ANALYZER_NUMBER_OBJECT_CONVERSION = YES_AGGRESSIVE;
				CLANG_CXX_LANGUAGE_STANDARD = "gnu++14";
				CLANG_CXX_LIBRARY = "libc++";
				CLANG_ENABLE_MODULES = YES;
				CLANG_ENABLE_OBJC_ARC = YES;
				CLANG_WARN_BLOCK_CAPTURE_AUTORELEASING = YES;
				CLANG_WARN_BOOL_CONVERSION = YES;
				CLANG_WARN_COMMA = YES;
				CLANG_WARN_CONSTANT_CONVERSION = YES;
				CLANG_WARN_DIRECT_OBJC_ISA_USAGE = YES_ERROR;
				CLANG_WARN_DOCUMENTATION_COMMENTS = YES;
				CLANG_WARN_EMPTY_BODY = YES;
				CLANG_WARN_ENUM_CONVERSION = YES;
				CLANG_WARN_INFINITE_RECURSION = YES;
				CLANG_WARN_INT_CONVERSION = YES;
				CLANG_WARN_NON_LITERAL_NULL_CONVERSION = YES;
				CLANG_WARN_OBJC_LITERAL_CONVERSION = YES;
				CLANG_WARN_OBJC_ROOT_CLASS = YES_ERROR;
				CLANG_WARN_RANGE_LOOP_ANALYSIS = YES;
				CLANG_WARN_STRICT_PROTOTYPES = YES;
				CLANG_WARN_SUSPICIOUS_MOVE = YES;
				CLANG_WARN_UNGUARDED_AVAILABILITY = YES_AGGRESSIVE;
				CLANG_WARN_UNREACHABLE_CODE = YES;
				CLANG_WARN__DUPLICATE_METHOD_MATCH = YES;
				CODE_SIGN_IDENTITY = "-";
				COPY_PHASE_STRIP = NO;
				DEBUG_INFORMATION_FORMAT = "dwarf-with-dsym";
				ENABLE_NS_ASSERTIONS = NO;
				ENABLE_STRICT_OBJC_MSGSEND = YES;
				GCC_C_LANGUAGE_STANDARD = gnu11;
				GCC_NO_COMMON_BLOCKS = YES;
				GCC_WARN_64_TO_32_BIT_CONVERSION = YES;
				GCC_WARN_ABOUT_RETURN_TYPE = YES_ERROR;
				GCC_WARN_UNDECLARED_SELECTOR = YES;
				GCC_WARN_UNINITIALIZED_AUTOS = YES_AGGRESSIVE;
				GCC_WARN_UNUSED_FUNCTION = YES;
				GCC_WARN_UNUSED_VARIABLE = YES;
				MACOSX_DEPLOYMENT_TARGET = 10.12;
				MTL_ENABLE_DEBUG_INFO = NO;
				SDKROOT = macosx;
				SWIFT_OPTIMIZATION_LEVEL = "-Owholemodule";
			};
			name = Release;
		};
		0D849CC620765D2100B4EA36 /* Debug */ = {
			isa = XCBuildConfiguration;
			buildSettings = {
				CODE_SIGN_STYLE = Automatic;
				PRODUCT_NAME = "$(TARGET_NAME)";
				SWIFT_VERSION = 4.0;
			};
			name = Debug;
		};
		0D849CC720765D2100B4EA36 /* Release */ = {
			isa = XCBuildConfiguration;
			buildSettings = {
				CODE_SIGN_STYLE = Automatic;
				PRODUCT_NAME = "$(TARGET_NAME)";
				SWIFT_VERSION = 4.0;
			};
			name = Release;
		};
/* End XCBuildConfiguration section */

/* Begin XCConfigurationList section */
		0D849CB920765D2100B4EA36 /* Build configuration list for PBXProject "单一职责原则" */ = {
			isa = XCConfigurationList;
			buildConfigurations = (
				0D849CC320765D2100B4EA36 /* Debug */,
				0D849CC420765D2100B4EA36 /* Release */,
			);
			defaultConfigurationIsVisible = 0;
			defaultConfigurationName = Release;
		};
		0D849CC520765D2100B4EA36 /* Build configuration list for PBXNativeTarget "单一职责原则" */ = {
			isa = XCConfigurationList;
			buildConfigurations = (
				0D849CC620765D2100B4EA36 /* Debug */,
				0D849CC720765D2100B4EA36 /* Release */,
			);
			defaultConfigurationIsVisible = 0;
			defaultConfigurationName = Release;
		};
/* End XCConfigurationList section */
	};
	rootObject = 0D849CB620765D2100B4EA36 /* Project object */;
}
