// !$*UTF8*$!
{
	archiveVersion = 1;
	classes = {
	};
	objectVersion = 48;
	objects = {

/* Begin PBXBuildFile section */
		0D849C532075C89700B4EA36 /* main.swift in Sources */ = {isa = PBXBuildFile; fileRef = 0D849C522075C89700B4EA36 /* main.swift */; };
		0D849C5B2075F00300B4EA36 /* Reader.swift in Sources */ = {isa = PBXBuildFile; fileRef = 0D849C5A2075F00300B4EA36 /* Reader.swift */; };
		0D849C5D2075F00E00B4EA36 /* Book.swift in Sources */ = {isa = PBXBuildFile; fileRef = 0D849C5C2075F00E00B4EA36 /* Book.swift */; };
		0D849C622075F1AC00B4EA36 /* IReader.swift in Sources */ = {isa = PBXBuildFile; fileRef = 0D849C612075F1AC00B4EA36 /* IReader.swift */; };
		0D849C642075F1F200B4EA36 /* IBook.swift in Sources */ = {isa = PBXBuildFile; fileRef = 0D849C632075F1F200B4EA36 /* IBook.swift */; };
		0D849C662075F20000B4EA36 /* INewspaper.swift in Sources */ = {isa = PBXBuildFile; fileRef = 0D849C652075F20000B4EA36 /* INewspaper.swift */; };
		0D849C682075F3A000B4EA36 /* NewReader.swift in Sources */ = {isa = PBXBuildFile; fileRef = 0D849C672075F3A000B4EA36 /* NewReader.swift */; };
/* End PBXBuildFile section */

/* Begin PBXCopyFilesBuildPhase section */
		0D849C4D2075C89700B4EA36 /* CopyFiles */ = {
			isa = PBXCopyFilesBuildPhase;
			buildActionMask = 2147483647;
			dstPath = /usr/share/man/man1/;
			dstSubfolderSpec = 0;
			files = (
			);
			runOnlyForDeploymentPostprocessing = 1;
		};
/* End PBXCopyFilesBuildPhase section */

/* Begin PBXFileReference section */
		0D849C4F2075C89700B4EA36 /* 依赖倒置原则 */ = {isa = PBXFileReference; explicitFileType = "compiled.mach-o.executable"; includeInIndex = 0; path = "依赖倒置原则"; sourceTree = BUILT_PRODUCTS_DIR; };
		0D849C522075C89700B4EA36 /* main.swift */ = {isa = PBXFileReference; lastKnownFileType = sourcecode.swift; path = main.swift; sourceTree = "<group>"; };
		0D849C5A2075F00300B4EA36 /* Reader.swift */ = {isa = PBXFileReference; lastKnownFileType = sourcecode.swift; path = Reader.swift; sourceTree = "<group>"; };
		0D849C5C2075F00E00B4EA36 /* Book.swift */ = {isa = PBXFileReference; lastKnownFileType = sourcecode.swift; path = Book.swift; sourceTree = "<group>"; };
		0D849C612075F1AC00B4EA36 /* IReader.swift */ = {isa = PBXFileReference; lastKnownFileType = sourcecode.swift; path = IReader.swift; sourceTree = "<group>"; };
		0D849C632075F1F200B4EA36 /* IBook.swift */ = {isa = PBXFileReference; lastKnownFileType = sourcecode.swift; path = IBook.swift; sourceTree = "<group>"; };
		0D849C652075F20000B4EA36 /* INewspaper.swift */ = {isa = PBXFileReference; lastKnownFileType = sourcecode.swift; path = INewspaper.swift; sourceTree = "<group>"; };
		0D849C672075F3A000B4EA36 /* NewReader.swift */ = {isa = PBXFileReference; lastKnownFileType = sourcecode.swift; path = NewReader.swift; sourceTree = "<group>"; };
/* End PBXFileReference section */

/* Begin PBXFrameworksBuildPhase section */
		0D849C4C2075C89700B4EA36 /* Frameworks */ = {
			isa = PBXFrameworksBuildPhase;
			buildActionMask = 2147483647;
			files = (
			);
			runOnlyForDeploymentPostprocessing = 0;
		};
/* End PBXFrameworksBuildPhase section */

/* Begin PBXGroup section */
		0D849C462075C89700B4EA36 = {
			isa = PBXGroup;
			children = (
				0D849C512075C89700B4EA36 /* 依赖倒置原则 */,
				0D849C502075C89700B4EA36 /* Products */,
			);
			sourceTree = "<group>";
		};
		0D849C502075C89700B4EA36 /* Products */ = {
			isa = PBXGroup;
			children = (
				0D849C4F2075C89700B4EA36 /* 依赖倒置原则 */,
			);
			name = Products;
			sourceTree = "<group>";
		};
		0D849C512075C89700B4EA36 /* 依赖倒置原则 */ = {
			isa = PBXGroup;
			children = (
				0D849C602075F18700B4EA36 /* 修改后 */,
				0D849C592075C8A300B4EA36 /* 修改前 */,
				0D849C522075C89700B4EA36 /* main.swift */,
			);
			path = "依赖倒置原则";
			sourceTree = "<group>";
		};
		0D849C592075C8A300B4EA36 /* 修改前 */ = {
			isa = PBXGroup;
			children = (
				0D849C5A2075F00300B4EA36 /* Reader.swift */,
				0D849C5C2075F00E00B4EA36 /* Book.swift */,
			);
			path = "修改前";
			sourceTree = "<group>";
		};
		0D849C602075F18700B4EA36 /* 修改后 */ = {
			isa = PBXGroup;
			children = (
				0D849C612075F1AC00B4EA36 /* IReader.swift */,
				0D849C632075F1F200B4EA36 /* IBook.swift */,
				0D849C652075F20000B4EA36 /* INewspaper.swift */,
				0D849C672075F3A000B4EA36 /* NewReader.swift */,
			);
			path = "修改后";
			sourceTree = "<group>";
		};
/* End PBXGroup section */

/* Begin PBXNativeTarget section */
		0D849C4E2075C89700B4EA36 /* 依赖倒置原则 */ = {
			isa = PBXNativeTarget;
			buildConfigurationList = 0D849C562075C89700B4EA36 /* Build configuration list for PBXNativeTarget "依赖倒置原则" */;
			buildPhases = (
				0D849C4B2075C89700B4EA36 /* Sources */,
				0D849C4C2075C89700B4EA36 /* Frameworks */,
				0D849C4D2075C89700B4EA36 /* CopyFiles */,
			);
			buildRules = (
			);
			dependencies = (
			);
			name = "依赖倒置原则";
			productName = "依赖倒置原则";
			productReference = 0D849C4F2075C89700B4EA36 /* 依赖倒置原则 */;
			productType = "com.apple.product-type.tool";
		};
/* End PBXNativeTarget section */

/* Begin PBXProject section */
		0D849C472075C89700B4EA36 /* Project object */ = {
			isa = PBXProject;
			attributes = {
				LastSwiftUpdateCheck = 0920;
				LastUpgradeCheck = 0920;
				ORGANIZATIONNAME = FY;
				TargetAttributes = {
					0D849C4E2075C89700B4EA36 = {
						CreatedOnToolsVersion = 9.2;
						ProvisioningStyle = Automatic;
					};
				};
			};
			buildConfigurationList = 0D849C4A2075C89700B4EA36 /* Build configuration list for PBXProject "依赖倒置原则" */;
			compatibilityVersion = "Xcode 8.0";
			developmentRegion = en;
			hasScannedForEncodings = 0;
			knownRegions = (
				en,
			);
			mainGroup = 0D849C462075C89700B4EA36;
			productRefGroup = 0D849C502075C89700B4EA36 /* Products */;
			projectDirPath = "";
			projectRoot = "";
			targets = (
				0D849C4E2075C89700B4EA36 /* 依赖倒置原则 */,
			);
		};
/* End PBXProject section */

/* Begin PBXSourcesBuildPhase section */
		0D849C4B2075C89700B4EA36 /* Sources */ = {
			isa = PBXSourcesBuildPhase;
			buildActionMask = 2147483647;
			files = (
				0D849C622075F1AC00B4EA36 /* IReader.swift in Sources */,
				0D849C5B2075F00300B4EA36 /* Reader.swift in Sources */,
				0D849C642075F1F200B4EA36 /* IBook.swift in Sources */,
				0D849C532075C89700B4EA36 /* main.swift in Sources */,
				0D849C5D2075F00E00B4EA36 /* Book.swift in Sources */,
				0D849C662075F20000B4EA36 /* INewspaper.swift in Sources */,
				0D849C682075F3A000B4EA36 /* NewReader.swift in Sources */,
			);
			runOnlyForDeploymentPostprocessing = 0;
		};
/* End PBXSourcesBuildPhase section */

/* Begin XCBuildConfiguration section */
		0D849C542075C89700B4EA36 /* Debug */ = {
			isa = XCBuildConfiguration;
			buildSettings = {
				ALWAYS_SEARCH_USER_PATHS = NO;
				CLANG_ANALYZER_NONNULL = YES;
				CLANG_ANALYZER_NUMBER_OBJECT_CONVERSION = YES_AGGRESSIVE;
				CLANG_CXX_LANGUAGE_STANDARD = "gnu++14";
				CLANG_CXX_LIBRARY = "libc++";
				CLANG_ENABLE_MODULES = YES;
				CLANG_ENABLE_OBJC_ARC = YES;
				CLANG_WARN_BLOCK_CAPTURE_AUTORELEASING = YES;
				CLANG_WARN_BOOL_CONVERSION = YES;
				CLANG_WARN_COMMA = YES;
				CLANG_WARN_CONSTANT_CONVERSION = YES;
				CLANG_WARN_DIRECT_OBJC_ISA_USAGE = YES_ERROR;
				CLANG_WARN_DOCUMENTATION_COMMENTS = YES;
				CLANG_WARN_EMPTY_BODY = YES;
				CLANG_WARN_ENUM_CONVERSION = YES;
				CLANG_WARN_INFINITE_RECURSION = YES;
				CLANG_WARN_INT_CONVERSION = YES;
				CLANG_WARN_NON_LITERAL_NULL_CONVERSION = YES;
				CLANG_WARN_OBJC_LITERAL_CONVERSION = YES;
				CLANG_WARN_OBJC_ROOT_CLASS = YES_ERROR;
				CLANG_WARN_RANGE_LOOP_ANALYSIS = YES;
				CLANG_WARN_STRICT_PROTOTYPES = YES;
				CLANG_WARN_SUSPICIOUS_MOVE = YES;
				CLANG_WARN_UNGUARDED_AVAILABILITY = YES_AGGRESSIVE;
				CLANG_WARN_UNREACHABLE_CODE = YES;
				CLANG_WARN__DUPLICATE_METHOD_MATCH = YES;
				CODE_SIGN_IDENTITY = "-";
				COPY_PHASE_STRIP = NO;
				DEBUG_INFORMATION_FORMAT = dwarf;
				ENABLE_STRICT_OBJC_MSGSEND = YES;
				ENABLE_TESTABILITY = YES;
				GCC_C_LANGUAGE_STANDARD = gnu11;
				GCC_DYNAMIC_NO_PIC = NO;
				GCC_NO_COMMON_BLOCKS = YES;
				GCC_OPTIMIZATION_LEVEL = 0;
				GCC_PREPROCESSOR_DEFINITIONS = (
					"DEBUG=1",
					"$(inherited)",
				);
				GCC_WARN_64_TO_32_BIT_CONVERSION = YES;
				GCC_WARN_ABOUT_RETURN_TYPE = YES_ERROR;
				GCC_WARN_UNDECLARED_SELECTOR = YES;
				GCC_WARN_UNINITIALIZED_AUTOS = YES_AGGRESSIVE;
				GCC_WARN_UNUSED_FUNCTION = YES;
				GCC_WARN_UNUSED_VARIABLE = YES;
				MACOSX_DEPLOYMENT_TARGET = 10.12;
				MTL_ENABLE_DEBUG_INFO = YES;
				ONLY_ACTIVE_ARCH = YES;
				SDKROOT = macosx;
				SWIFT_ACTIVE_COMPILATION_CONDITIONS = DEBUG;
				SWIFT_OPTIMIZATION_LEVEL = "-Onone";
			};
			name = Debug;
		};
		0D849C552075C89700B4EA36 /* Release */ = {
			isa = XCBuildConfiguration;
			buildSettings = {
				ALWAYS_SEARCH_USER_PATHS = NO;
				CLANG_ANALYZER_NONNULL = YES;
				CLANG_ANALYZER_NUMBER_OBJECT_CONVERSION = YES_AGGRESSIVE;
				CLANG_CXX_LANGUAGE_STANDARD = "gnu++14";
				CLANG_CXX_LIBRARY = "libc++";
				CLANG_ENABLE_MODULES = YES;
				CLANG_ENABLE_OBJC_ARC = YES;
				CLANG_WARN_BLOCK_CAPTURE_AUTORELEASING = YES;
				CLANG_WARN_BOOL_CONVERSION = YES;
				CLANG_WARN_COMMA = YES;
				CLANG_WARN_CONSTANT_CONVERSION = YES;
				CLANG_WARN_DIRECT_OBJC_ISA_USAGE = YES_ERROR;
				CLANG_WARN_DOCUMENTATION_COMMENTS = YES;
				CLANG_WARN_EMPTY_BODY = YES;
				CLANG_WARN_ENUM_CONVERSION = YES;
				CLANG_WARN_INFINITE_RECURSION = YES;
				CLANG_WARN_INT_CONVERSION = YES;
				CLANG_WARN_NON_LITERAL_NULL_CONVERSION = YES;
				CLANG_WARN_OBJC_LITERAL_CONVERSION = YES;
				CLANG_WARN_OBJC_ROOT_CLASS = YES_ERROR;
				CLANG_WARN_RANGE_LOOP_ANALYSIS = YES;
				CLANG_WARN_STRICT_PROTOTYPES = YES;
				CLANG_WARN_SUSPICIOUS_MOVE = YES;
				CLANG_WARN_UNGUARDED_AVAILABILITY = YES_AGGRESSIVE;
				CLANG_WARN_UNREACHABLE_CODE = YES;
				CLANG_WARN__DUPLICATE_METHOD_MATCH = YES;
				CODE_SIGN_IDENTITY = "-";
				COPY_PHASE_STRIP = NO;
				DEBUG_INFORMATION_FORMAT = "dwarf-with-dsym";
				ENABLE_NS_ASSERTIONS = NO;
				ENABLE_STRICT_OBJC_MSGSEND = YES;
				GCC_C_LANGUAGE_STANDARD = gnu11;
				GCC_NO_COMMON_BLOCKS = YES;
				GCC_WARN_64_TO_32_BIT_CONVERSION = YES;
				GCC_WARN_ABOUT_RETURN_TYPE = YES_ERROR;
				GCC_WARN_UNDECLARED_SELECTOR = YES;
				GCC_WARN_UNINITIALIZED_AUTOS = YES_AGGRESSIVE;
				GCC_WARN_UNUSED_FUNCTION = YES;
				GCC_WARN_UNUSED_VARIABLE = YES;
				MACOSX_DEPLOYMENT_TARGET = 10.12;
				MTL_ENABLE_DEBUG_INFO = NO;
				SDKROOT = macosx;
				SWIFT_OPTIMIZATION_LEVEL = "-Owholemodule";
			};
			name = Release;
		};
		0D849C572075C89700B4EA36 /* Debug */ = {
			isa = XCBuildConfiguration;
			buildSettings = {
				CODE_SIGN_STYLE = Automatic;
				PRODUCT_NAME = "$(TARGET_NAME)";
				SWIFT_VERSION = 4.0;
			};
			name = Debug;
		};
		0D849C582075C89700B4EA36 /* Release */ = {
			isa = XCBuildConfiguration;
			buildSettings = {
				CODE_SIGN_STYLE = Automatic;
				PRODUCT_NAME = "$(TARGET_NAME)";
				SWIFT_VERSION = 4.0;
			};
			name = Release;
		};
/* End XCBuildConfiguration section */

/* Begin XCConfigurationList section */
		0D849C4A2075C89700B4EA36 /* Build configuration list for PBXProject "依赖倒置原则" */ = {
			isa = XCConfigurationList;
			buildConfigurations = (
				0D849C542075C89700B4EA36 /* Debug */,
				0D849C552075C89700B4EA36 /* Release */,
			);
			defaultConfigurationIsVisible = 0;
			defaultConfigurationName = Release;
		};
		0D849C562075C89700B4EA36 /* Build configuration list for PBXNativeTarget "依赖倒置原则" */ = {
			isa = XCConfigurationList;
			buildConfigurations = (
				0D849C572075C89700B4EA36 /* Debug */,
				0D849C582075C89700B4EA36 /* Release */,
			);
			defaultConfigurationIsVisible = 0;
			defaultConfigurationName = Release;
		};
/* End XCConfigurationList section */
	};
	rootObject = 0D849C472075C89700B4EA36 /* Project object */;
}
